PODS:
  - DateToolsSwift (5.0.0)
  - FBSnapshotTestCase (2.1.4):
    - FBSnapshotTestCase/SwiftSupport (= 2.1.4)
  - FBSnapshotTestCase/Core (2.1.4)
  - FBSnapshotTestCase/SwiftSupport (2.1.4):
    - FBSnapshotTestCase/Core
  - FMDB (2.7.5):
    - FMDB/standard (= 2.7.5)
  - FMDB/standard (2.7.5)
  - HandyJSON (5.0.2)
  - HttpEngineSwift (1.0.3):
    - DateToolsSwift
    - FMDB
    - HandyJSON
    - ISRemoveNull
    - ReachabilitySwift
  - ISRemoveNull (0.0.3)
  - ReachabilitySwift (5.0.0)

DEPENDENCIES:
  - FBSnapshotTestCase (~> 2.1.4)
  - HttpEngineSwift (from `../`)

SPEC REPOS:
  trunk:
    - DateToolsSwift
    - FBSnapshotTestCase
    - FMDB
    - HandyJSON
    - ISRemoveNull
    - ReachabilitySwift

EXTERNAL SOURCES:
  HttpEngineSwift:
    :path: "../"

SPEC CHECKSUMS:
  DateToolsSwift: 4207ada6ad615d8dc076323d27037c94916dbfa6
  FBSnapshotTestCase: 094f9f314decbabe373b87cc339bea235a63e07a
  FMDB: 2ce00b547f966261cd18927a3ddb07cb6f3db82a
  HandyJSON: 9e4e236f5d2dbefad5155a77417bbea438201c03
  HttpEngineSwift: 68b6fd9eb70af4975d3f23cd257abc0fc35c0153
  ISRemoveNull: 7fb2bb73a9f173cd1d12e9cbd7c7d8766d939b4d
  ReachabilitySwift: 985039c6f7b23a1da463388634119492ff86c825

PODFILE CHECKSUM: e2e4dce311bc2d85d23e158efae7bab8e85c5e27

COCOAPODS: 1.10.1
