PODS:
  - DateTools (2.0.0)
  - FMDB (2.7.5):
    - FMDB/standard (= 2.7.5)
  - FMDB/standard (2.7.5)
  - HttpEngineSwift (0.1.0):
    - DateTools
    - FMDB
    - ISRemoveNull
    - ReachabilitySwift
    - YYKit
  - ISRemoveNull (0.0.3)
  - ReachabilitySwift (5.0.0)
  - YYKit (1.0.9):
    - YYKit/no-arc (= 1.0.9)
  - YYKit/no-arc (1.0.9)

DEPENDENCIES:
  - HttpEngineSwift (from `../`)

SPEC REPOS:
  trunk:
    - DateTools
    - FMDB
    - ISRemoveNull
    - ReachabilitySwift
    - YYKit

EXTERNAL SOURCES:
  HttpEngineSwift:
    :path: "../"

SPEC CHECKSUMS:
  DateTools: 933ac9c490f21f92127cf690ccd8c397e0126caf
  FMDB: 2ce00b547f966261cd18927a3ddb07cb6f3db82a
  HttpEngineSwift: 45394151eb26e7d8828f5e4e50f742e5bc5f27e8
  ISRemoveNull: 7fb2bb73a9f173cd1d12e9cbd7c7d8766d939b4d
  ReachabilitySwift: 985039c6f7b23a1da463388634119492ff86c825
  YYKit: 7cda43304a8dc3696c449041e2cb3107b4e236e7

PODFILE CHECKSUM: eb0f3f3c8848934092eacfb18476c8a68c2fd6b1

COCOAPODS: 1.10.1
